
Microsoft Visual Studio Solution File, Format Version 12.00
# Visual Studio Version 17
VisualStudioVersion = 17.13.35825.156 d17.13
MinimumVisualStudioVersion = 10.0.40219.1
Project("{FAE04EC0-301F-11D3-BF4B-00C04F79EFBC}") = "DopisLadilovi", "Core\DopisLadilovi.csproj", "{9B2FCC15-F683-2380-34BD-D3EE0C127166}"
EndProject
Global
	GlobalSection(SolutionConfigurationPlatforms) = preSolution
		Debug|Any CPU = Debug|Any CPU
		Release|Any CPU = Release|Any CPU
	EndGlobalSection
	GlobalSection(ProjectConfigurationPlatforms) = postSolution
		{9B2FCC15-F683-2380-34BD-D3EE0C127166}.Debug|Any CPU.ActiveCfg = Debug|Any CPU
		{9B2FCC15-F683-2380-34BD-D3EE0C127166}.Debug|Any CPU.Build.0 = Debug|Any CPU
		{9B2FCC15-F683-2380-34BD-D3EE0C127166}.Release|Any CPU.ActiveCfg = Release|Any CPU
		{9B2FCC15-F683-2380-34BD-D3EE0C127166}.Release|Any CPU.Build.0 = Release|Any CPU
	EndGlobalSection
	GlobalSection(SolutionProperties) = preSolution
		HideSolutionNode = FALSE
	EndGlobalSection
	GlobalSection(ExtensibilityGlobals) = postSolution
		SolutionGuid = {34D58B51-0F9F-4883-B503-080AFD054D03}
	EndGlobalSection
EndGlobal
